
Microsoft Visual Studio Solution File, Format Version 12.00
# Visual Studio Version 16
VisualStudioVersion = 16.0.29709.97
MinimumVisualStudioVersion = 10.0.40219.1
Project("{FAE04EC0-301F-11D3-BF4B-00C04F79EFBC}") = "LAB 2 - ABB", "LAB 2 - ABB.csproj", "{72059401-D138-4485-A7D3-EFF7A8523703}"
EndProject
Global
	GlobalSection(SolutionConfigurationPlatforms) = preSolution
		Debug|Any CPU = Debug|Any CPU
		Release|Any CPU = Release|Any CPU
	EndGlobalSection
	GlobalSection(ProjectConfigurationPlatforms) = postSolution
		{72059401-D138-4485-A7D3-EFF7A8523703}.Debug|Any CPU.ActiveCfg = Debug|Any CPU
		{72059401-D138-4485-A7D3-EFF7A8523703}.Debug|Any CPU.Build.0 = Debug|Any CPU
		{72059401-D138-4485-A7D3-EFF7A8523703}.Release|Any CPU.ActiveCfg = Release|Any CPU
		{72059401-D138-4485-A7D3-EFF7A8523703}.Release|Any CPU.Build.0 = Release|Any CPU
	EndGlobalSection
	GlobalSection(SolutionProperties) = preSolution
		HideSolutionNode = FALSE
	EndGlobalSection
	GlobalSection(ExtensibilityGlobals) = postSolution
		SolutionGuid = {DDC208D2-9BAD-47C6-816B-7C76DC72B72C}
	EndGlobalSection
EndGlobal
